
Microsoft Visual Studio Solution File, Format Version 12.00
# Visual Studio 15
VisualStudioVersion = 15.0.28307.960
MinimumVisualStudioVersion = 10.0.40219.1
Project("{FAE04EC0-301F-11D3-BF4B-00C04F79EFBC}") = "Student Attendence Management", "Student Attendence Management\Student Attendence Management.csproj", "{EA4FA37B-E343-444B-BD38-6536EC161E30}"
EndProject
Global
	GlobalSection(SolutionConfigurationPlatforms) = preSolution
		Debug|Any CPU = Debug|Any CPU
		Release|Any CPU = Release|Any CPU
	EndGlobalSection
	GlobalSection(ProjectConfigurationPlatforms) = postSolution
		{EA4FA37B-E343-444B-BD38-6536EC161E30}.Debug|Any CPU.ActiveCfg = Debug|Any CPU
		{EA4FA37B-E343-444B-BD38-6536EC161E30}.Debug|Any CPU.Build.0 = Debug|Any CPU
		{EA4FA37B-E343-444B-BD38-6536EC161E30}.Release|Any CPU.ActiveCfg = Release|Any CPU
		{EA4FA37B-E343-444B-BD38-6536EC161E30}.Release|Any CPU.Build.0 = Release|Any CPU
	EndGlobalSection
	GlobalSection(SolutionProperties) = preSolution
		HideSolutionNode = FALSE
	EndGlobalSection
	GlobalSection(ExtensibilityGlobals) = postSolution
		SolutionGuid = {B57663DD-278F-4569-A050-584FFDDBCEB8}
	EndGlobalSection
EndGlobal
